
Microsoft Visual Studio Solution File, Format Version 12.00
# Visual Studio Version 17
VisualStudioVersion = 17.8.34330.188
MinimumVisualStudioVersion = 10.0.40219.1
Project("{FAE04EC0-301F-11D3-BF4B-00C04F79EFBC}") = "Website", "Website\Website.csproj", "{CEB4FCC7-F42C-4909-8739-34A30F0247F7}"
EndProject
Global
	GlobalSection(SolutionConfigurationPlatforms) = preSolution
		Debug|Any CPU = Debug|Any CPU
		Release|Any CPU = Release|Any CPU
	EndGlobalSection
	GlobalSection(ProjectConfigurationPlatforms) = postSolution
		{CEB4FCC7-F42C-4909-8739-34A30F0247F7}.Debug|Any CPU.ActiveCfg = Debug|Any CPU
		{CEB4FCC7-F42C-4909-8739-34A30F0247F7}.Debug|Any CPU.Build.0 = Debug|Any CPU
		{CEB4FCC7-F42C-4909-8739-34A30F0247F7}.Release|Any CPU.ActiveCfg = Release|Any CPU
		{CEB4FCC7-F42C-4909-8739-34A30F0247F7}.Release|Any CPU.Build.0 = Release|Any CPU
	EndGlobalSection
	GlobalSection(SolutionProperties) = preSolution
		HideSolutionNode = FALSE
	EndGlobalSection
	GlobalSection(ExtensibilityGlobals) = postSolution
		SolutionGuid = {4E03AB99-167C-4408-BA22-728C7B4EA57F}
	EndGlobalSection
EndGlobal
